
Microsoft Visual Studio Solution File, Format Version 12.00
# Visual Studio Version 16
VisualStudioVersion = 16.0.31424.327
MinimumVisualStudioVersion = 10.0.40219.1
Project("{9A19103F-16F7-4668-BE54-9A1E7A4F7556}") = "UserMangmentSystem", "UserMangmentSystem\UserMangmentSystem.csproj", "{C833CC2F-2844-45DD-A1A1-002BDAFA90CD}"
EndProject
Project("{2150E333-8FDC-42A3-9474-1A3956D46DE8}") = "Solution Items", "Solution Items", "{BD935110-B63B-4069-9EAD-F2FF1DF00AA0}"
	ProjectSection(SolutionItems) = preProject
		.editorconfig = .editorconfig
	EndProjectSection
EndProject
Global
	GlobalSection(SolutionConfigurationPlatforms) = preSolution
		Debug|Any CPU = Debug|Any CPU
		Release|Any CPU = Release|Any CPU
	EndGlobalSection
	GlobalSection(ProjectConfigurationPlatforms) = postSolution
		{C833CC2F-2844-45DD-A1A1-002BDAFA90CD}.Debug|Any CPU.ActiveCfg = Debug|Any CPU
		{C833CC2F-2844-45DD-A1A1-002BDAFA90CD}.Debug|Any CPU.Build.0 = Debug|Any CPU
		{C833CC2F-2844-45DD-A1A1-002BDAFA90CD}.Release|Any CPU.ActiveCfg = Release|Any CPU
		{C833CC2F-2844-45DD-A1A1-002BDAFA90CD}.Release|Any CPU.Build.0 = Release|Any CPU
	EndGlobalSection
	GlobalSection(SolutionProperties) = preSolution
		HideSolutionNode = FALSE
	EndGlobalSection
	GlobalSection(ExtensibilityGlobals) = postSolution
		SolutionGuid = {72C7A68D-AB42-44F2-9484-EF4DEEEBB031}
	EndGlobalSection
EndGlobal
